
Microsoft Visual Studio Solution File, Format Version 12.00
# Visual Studio 15
VisualStudioVersion = 15.0.27428.2043
MinimumVisualStudioVersion = 10.0.40219.1
Project("{FAE04EC0-301F-11D3-BF4B-00C04F79EFBC}") = "Litium.AddOns.SmartImage", "Litium.AddOns.SmartImage.csproj", "{794D6C70-0AF1-4B63-9323-6D8057149D43}"
EndProject
Global
	GlobalSection(SolutionConfigurationPlatforms) = preSolution
		Debug|Any CPU = Debug|Any CPU
		Release|Any CPU = Release|Any CPU
	EndGlobalSection
	GlobalSection(ProjectConfigurationPlatforms) = postSolution
		{794D6C70-0AF1-4B63-9323-6D8057149D43}.Debug|Any CPU.ActiveCfg = Debug|Any CPU
		{794D6C70-0AF1-4B63-9323-6D8057149D43}.Debug|Any CPU.Build.0 = Debug|Any CPU
		{794D6C70-0AF1-4B63-9323-6D8057149D43}.Release|Any CPU.ActiveCfg = Release|Any CPU
		{794D6C70-0AF1-4B63-9323-6D8057149D43}.Release|Any CPU.Build.0 = Release|Any CPU
	EndGlobalSection
	GlobalSection(SolutionProperties) = preSolution
		HideSolutionNode = FALSE
	EndGlobalSection
	GlobalSection(ExtensibilityGlobals) = postSolution
		SolutionGuid = {1A393FB2-86C6-4F16-B896-154B1054D1F3}
	EndGlobalSection
EndGlobal
